
Microsoft Visual Studio Solution File, Format Version 12.00
# Visual Studio Version 17
VisualStudioVersion = 17.3.32901.215
MinimumVisualStudioVersion = 10.0.40219.1
Project("{FAE04EC0-301F-11D3-BF4B-00C04F79EFBC}") = "LeaveManagement.Web", "LeaveManagement.Web\LeaveManagement.Web.csproj", "{7BEBD652-F276-480B-B6E8-2F3AEA9ED93F}"
EndProject
Global
	GlobalSection(SolutionConfigurationPlatforms) = preSolution
		Debug|Any CPU = Debug|Any CPU
		Release|Any CPU = Release|Any CPU
	EndGlobalSection
	GlobalSection(ProjectConfigurationPlatforms) = postSolution
		{7BEBD652-F276-480B-B6E8-2F3AEA9ED93F}.Debug|Any CPU.ActiveCfg = Debug|Any CPU
		{7BEBD652-F276-480B-B6E8-2F3AEA9ED93F}.Debug|Any CPU.Build.0 = Debug|Any CPU
		{7BEBD652-F276-480B-B6E8-2F3AEA9ED93F}.Release|Any CPU.ActiveCfg = Release|Any CPU
		{7BEBD652-F276-480B-B6E8-2F3AEA9ED93F}.Release|Any CPU.Build.0 = Release|Any CPU
	EndGlobalSection
	GlobalSection(SolutionProperties) = preSolution
		HideSolutionNode = FALSE
	EndGlobalSection
	GlobalSection(ExtensibilityGlobals) = postSolution
		SolutionGuid = {4DD9E075-6806-4C14-B99F-41814C48FAE4}
	EndGlobalSection
EndGlobal
